
Microsoft Visual Studio Solution File, Format Version 12.00
# Visual Studio Version 17
VisualStudioVersion = 17.2.32602.215
MinimumVisualStudioVersion = 10.0.40219.1
Project("{FAE04EC0-301F-11D3-BF4B-00C04F79EFBC}") = "Floda", "Floda\Floda.csproj", "{AAFECBA3-CFC0-4340-93E0-C0B5E5B03114}"
EndProject
Global
	GlobalSection(SolutionConfigurationPlatforms) = preSolution
		Debug|Any CPU = Debug|Any CPU
		Release|Any CPU = Release|Any CPU
	EndGlobalSection
	GlobalSection(ProjectConfigurationPlatforms) = postSolution
		{AAFECBA3-CFC0-4340-93E0-C0B5E5B03114}.Debug|Any CPU.ActiveCfg = Debug|Any CPU
		{AAFECBA3-CFC0-4340-93E0-C0B5E5B03114}.Debug|Any CPU.Build.0 = Debug|Any CPU
		{AAFECBA3-CFC0-4340-93E0-C0B5E5B03114}.Release|Any CPU.ActiveCfg = Release|Any CPU
		{AAFECBA3-CFC0-4340-93E0-C0B5E5B03114}.Release|Any CPU.Build.0 = Release|Any CPU
	EndGlobalSection
	GlobalSection(SolutionProperties) = preSolution
		HideSolutionNode = FALSE
	EndGlobalSection
	GlobalSection(ExtensibilityGlobals) = postSolution
		SolutionGuid = {BB5E8049-119A-4F67-BA58-AAFF7E2DA8F5}
	EndGlobalSection
EndGlobal
